
Microsoft Visual Studio Solution File, Format Version 12.00
# Visual Studio 2017
Project("{FAE04EC0-301F-11D3-BF4B-00C04F79EFBC}") = "0407", "0407.csproj", "{C21FE094-B690-65CB-19CD-58A09E304A14}"
EndProject
Global
	GlobalSection(SolutionConfigurationPlatforms) = preSolution
		Debug|Any CPU = Debug|Any CPU
		Release|Any CPU = Release|Any CPU
	EndGlobalSection
	GlobalSection(ProjectConfigurationPlatforms) = postSolution
		{C21FE094-B690-65CB-19CD-58A09E304A14}.Debug|Any CPU.ActiveCfg = Debug|Any CPU
		{C21FE094-B690-65CB-19CD-58A09E304A14}.Debug|Any CPU.Build.0 = Debug|Any CPU
		{C21FE094-B690-65CB-19CD-58A09E304A14}.Release|Any CPU.ActiveCfg = Release|Any CPU
		{C21FE094-B690-65CB-19CD-58A09E304A14}.Release|Any CPU.Build.0 = Release|Any CPU
	EndGlobalSection
	GlobalSection(SolutionProperties) = preSolution
		HideSolutionNode = FALSE
	EndGlobalSection
EndGlobal
